// !$*UTF8*$!
{
	archiveVersion = 1;
	classes = {
	};
	objectVersion = 50;
	objects = {

/* Begin PBXBuildFile section */
		2D6420D2213DEA3C0006BD7B /* AppDelegate.swift in Sources */ = {isa = PBXBuildFile; fileRef = 2D6420D1213DEA3C0006BD7B /* AppDelegate.swift */; };
		2D6420D4213DEA3C0006BD7B /* ViewController.swift in Sources */ = {isa = PBXBuildFile; fileRef = 2D6420D3213DEA3C0006BD7B /* ViewController.swift */; };
		2D6420D7213DEA3C0006BD7B /* Main.storyboard in Resources */ = {isa = PBXBuildFile; fileRef = 2D6420D5213DEA3C0006BD7B /* Main.storyboard */; };
		2D6420DA213DEA3C0006BD7B /* refactorDojo.xcdatamodeld in Sources */ = {isa = PBXBuildFile; fileRef = 2D6420D8213DEA3C0006BD7B /* refactorDojo.xcdatamodeld */; };
		2D6420DC213DEA3D0006BD7B /* Assets.xcassets in Resources */ = {isa = PBXBuildFile; fileRef = 2D6420DB213DEA3D0006BD7B /* Assets.xcassets */; };
		2D6420DF213DEA3D0006BD7B /* LaunchScreen.storyboard in Resources */ = {isa = PBXBuildFile; fileRef = 2D6420DD213DEA3D0006BD7B /* LaunchScreen.storyboard */; };
		2D6420EA213DEA3D0006BD7B /* refactorDojoTests.swift in Sources */ = {isa = PBXBuildFile; fileRef = 2D6420E9213DEA3D0006BD7B /* refactorDojoTests.swift */; };
		2D6420F5213DEA3D0006BD7B /* refactorDojoUITests.swift in Sources */ = {isa = PBXBuildFile; fileRef = 2D6420F4213DEA3D0006BD7B /* refactorDojoUITests.swift */; };
		690CB7C0213F36820058CC38 /* AccountSignupVC.swift in Sources */ = {isa = PBXBuildFile; fileRef = 690CB7BF213F36820058CC38 /* AccountSignupVC.swift */; };
/* End PBXBuildFile section */

/* Begin PBXContainerItemProxy section */
		2D6420E6213DEA3D0006BD7B /* PBXContainerItemProxy */ = {
			isa = PBXContainerItemProxy;
			containerPortal = 2D6420C6213DEA3C0006BD7B /* Project object */;
			proxyType = 1;
			remoteGlobalIDString = 2D6420CD213DEA3C0006BD7B;
			remoteInfo = refactorDojo;
		};
		2D6420F1213DEA3D0006BD7B /* PBXContainerItemProxy */ = {
			isa = PBXContainerItemProxy;
			containerPortal = 2D6420C6213DEA3C0006BD7B /* Project object */;
			proxyType = 1;
			remoteGlobalIDString = 2D6420CD213DEA3C0006BD7B;
			remoteInfo = refactorDojo;
		};
/* End PBXContainerItemProxy section */

/* Begin PBXFileReference section */
		2D6420CE213DEA3C0006BD7B /* refactorDojo.app */ = {isa = PBXFileReference; explicitFileType = wrapper.application; includeInIndex = 0; path = refactorDojo.app; sourceTree = BUILT_PRODUCTS_DIR; };
		2D6420D1213DEA3C0006BD7B /* AppDelegate.swift */ = {isa = PBXFileReference; lastKnownFileType = sourcecode.swift; path = AppDelegate.swift; sourceTree = "<group>"; };
		2D6420D3213DEA3C0006BD7B /* ViewController.swift */ = {isa = PBXFileReference; lastKnownFileType = sourcecode.swift; path = ViewController.swift; sourceTree = "<group>"; };
		2D6420D6213DEA3C0006BD7B /* Base */ = {isa = PBXFileReference; lastKnownFileType = file.storyboard; name = Base; path = Base.lproj/Main.storyboard; sourceTree = "<group>"; };
		2D6420D9213DEA3C0006BD7B /* refactorDojo.xcdatamodel */ = {isa = PBXFileReference; lastKnownFileType = wrapper.xcdatamodel; path = refactorDojo.xcdatamodel; sourceTree = "<group>"; };
		2D6420DB213DEA3D0006BD7B /* Assets.xcassets */ = {isa = PBXFileReference; lastKnownFileType = folder.assetcatalog; path = Assets.xcassets; sourceTree = "<group>"; };
		2D6420DE213DEA3D0006BD7B /* Base */ = {isa = PBXFileReference; lastKnownFileType = file.storyboard; name = Base; path = Base.lproj/LaunchScreen.storyboard; sourceTree = "<group>"; };
		2D6420E0213DEA3D0006BD7B /* Info.plist */ = {isa = PBXFileReference; lastKnownFileType = text.plist.xml; path = Info.plist; sourceTree = "<group>"; };
		2D6420E5213DEA3D0006BD7B /* refactorDojoTests.xctest */ = {isa = PBXFileReference; explicitFileType = wrapper.cfbundle; includeInIndex = 0; path = refactorDojoTests.xctest; sourceTree = BUILT_PRODUCTS_DIR; };
		2D6420E9213DEA3D0006BD7B /* refactorDojoTests.swift */ = {isa = PBXFileReference; lastKnownFileType = sourcecode.swift; path = refactorDojoTests.swift; sourceTree = "<group>"; };
		2D6420EB213DEA3D0006BD7B /* Info.plist */ = {isa = PBXFileReference; lastKnownFileType = text.plist.xml; path = Info.plist; sourceTree = "<group>"; };
		2D6420F0213DEA3D0006BD7B /* refactorDojoUITests.xctest */ = {isa = PBXFileReference; explicitFileType = wrapper.cfbundle; includeInIndex = 0; path = refactorDojoUITests.xctest; sourceTree = BUILT_PRODUCTS_DIR; };
		2D6420F4213DEA3D0006BD7B /* refactorDojoUITests.swift */ = {isa = PBXFileReference; lastKnownFileType = sourcecode.swift; path = refactorDojoUITests.swift; sourceTree = "<group>"; };
		2D6420F6213DEA3D0006BD7B /* Info.plist */ = {isa = PBXFileReference; lastKnownFileType = text.plist.xml; path = Info.plist; sourceTree = "<group>"; };
		690CB7BF213F36820058CC38 /* AccountSignupVC.swift */ = {isa = PBXFileReference; lastKnownFileType = sourcecode.swift; path = AccountSignupVC.swift; sourceTree = "<group>"; };
/* End PBXFileReference section */

/* Begin PBXFrameworksBuildPhase section */
		2D6420CB213DEA3C0006BD7B /* Frameworks */ = {
			isa = PBXFrameworksBuildPhase;
			buildActionMask = 2147483647;
			files = (
			);
			runOnlyForDeploymentPostprocessing = 0;
		};
		2D6420E2213DEA3D0006BD7B /* Frameworks */ = {
			isa = PBXFrameworksBuildPhase;
			buildActionMask = 2147483647;
			files = (
			);
			runOnlyForDeploymentPostprocessing = 0;
		};
		2D6420ED213DEA3D0006BD7B /* Frameworks */ = {
			isa = PBXFrameworksBuildPhase;
			buildActionMask = 2147483647;
			files = (
			);
			runOnlyForDeploymentPostprocessing = 0;
		};
/* End PBXFrameworksBuildPhase section */

/* Begin PBXGroup section */
		2D6420C5213DEA3C0006BD7B = {
			isa = PBXGroup;
			children = (
				2D6420D0213DEA3C0006BD7B /* refactorDojo */,
				2D6420E8213DEA3D0006BD7B /* refactorDojoTests */,
				2D6420F3213DEA3D0006BD7B /* refactorDojoUITests */,
				2D6420CF213DEA3C0006BD7B /* Products */,
			);
			sourceTree = "<group>";
		};
		2D6420CF213DEA3C0006BD7B /* Products */ = {
			isa = PBXGroup;
			children = (
				2D6420CE213DEA3C0006BD7B /* refactorDojo.app */,
				2D6420E5213DEA3D0006BD7B /* refactorDojoTests.xctest */,
				2D6420F0213DEA3D0006BD7B /* refactorDojoUITests.xctest */,
			);
			name = Products;
			sourceTree = "<group>";
		};
		2D6420D0213DEA3C0006BD7B /* refactorDojo */ = {
			isa = PBXGroup;
			children = (
				2D6420D1213DEA3C0006BD7B /* AppDelegate.swift */,
				2D6420D3213DEA3C0006BD7B /* ViewController.swift */,
				2D6420D5213DEA3C0006BD7B /* Main.storyboard */,
				690CB7BF213F36820058CC38 /* AccountSignupVC.swift */,
				2D6420DB213DEA3D0006BD7B /* Assets.xcassets */,
				2D6420DD213DEA3D0006BD7B /* LaunchScreen.storyboard */,
				2D6420E0213DEA3D0006BD7B /* Info.plist */,
				2D6420D8213DEA3C0006BD7B /* refactorDojo.xcdatamodeld */,
			);
			path = refactorDojo;
			sourceTree = "<group>";
		};
		2D6420E8213DEA3D0006BD7B /* refactorDojoTests */ = {
			isa = PBXGroup;
			children = (
				2D6420E9213DEA3D0006BD7B /* refactorDojoTests.swift */,
				2D6420EB213DEA3D0006BD7B /* Info.plist */,
			);
			path = refactorDojoTests;
			sourceTree = "<group>";
		};
		2D6420F3213DEA3D0006BD7B /* refactorDojoUITests */ = {
			isa = PBXGroup;
			children = (
				2D6420F4213DEA3D0006BD7B /* refactorDojoUITests.swift */,
				2D6420F6213DEA3D0006BD7B /* Info.plist */,
			);
			path = refactorDojoUITests;
			sourceTree = "<group>";
		};
/* End PBXGroup section */

/* Begin PBXNativeTarget section */
		2D6420CD213DEA3C0006BD7B /* refactorDojo */ = {
			isa = PBXNativeTarget;
			buildConfigurationList = 2D6420F9213DEA3D0006BD7B /* Build configuration list for PBXNativeTarget "refactorDojo" */;
			buildPhases = (
				2D6420CA213DEA3C0006BD7B /* Sources */,
				2D6420CB213DEA3C0006BD7B /* Frameworks */,
				2D6420CC213DEA3C0006BD7B /* Resources */,
			);
			buildRules = (
			);
			dependencies = (
			);
			name = refactorDojo;
			productName = refactorDojo;
			productReference = 2D6420CE213DEA3C0006BD7B /* refactorDojo.app */;
			productType = "com.apple.product-type.application";
		};
		2D6420E4213DEA3D0006BD7B /* refactorDojoTests */ = {
			isa = PBXNativeTarget;
			buildConfigurationList = 2D6420FC213DEA3D0006BD7B /* Build configuration list for PBXNativeTarget "refactorDojoTests" */;
			buildPhases = (
				2D6420E1213DEA3D0006BD7B /* Sources */,
				2D6420E2213DEA3D0006BD7B /* Frameworks */,
				2D6420E3213DEA3D0006BD7B /* Resources */,
			);
			buildRules = (
			);
			dependencies = (
				2D6420E7213DEA3D0006BD7B /* PBXTargetDependency */,
			);
			name = refactorDojoTests;
			productName = refactorDojoTests;
			productReference = 2D6420E5213DEA3D0006BD7B /* refactorDojoTests.xctest */;
			productType = "com.apple.product-type.bundle.unit-test";
		};
		2D6420EF213DEA3D0006BD7B /* refactorDojoUITests */ = {
			isa = PBXNativeTarget;
			buildConfigurationList = 2D6420FF213DEA3D0006BD7B /* Build configuration list for PBXNativeTarget "refactorDojoUITests" */;
			buildPhases = (
				2D6420EC213DEA3D0006BD7B /* Sources */,
				2D6420ED213DEA3D0006BD7B /* Frameworks */,
				2D6420EE213DEA3D0006BD7B /* Resources */,
			);
			buildRules = (
			);
			dependencies = (
				2D6420F2213DEA3D0006BD7B /* PBXTargetDependency */,
			);
			name = refactorDojoUITests;
			productName = refactorDojoUITests;
			productReference = 2D6420F0213DEA3D0006BD7B /* refactorDojoUITests.xctest */;
			productType = "com.apple.product-type.bundle.ui-testing";
		};
/* End PBXNativeTarget section */

/* Begin PBXProject section */
		2D6420C6213DEA3C0006BD7B /* Project object */ = {
			isa = PBXProject;
			attributes = {
				LastSwiftUpdateCheck = 1000;
				LastUpgradeCheck = 1000;
				ORGANIZATIONNAME = megaBreezy;
				TargetAttributes = {
					2D6420CD213DEA3C0006BD7B = {
						CreatedOnToolsVersion = 10.0;
					};
					2D6420E4213DEA3D0006BD7B = {
						CreatedOnToolsVersion = 10.0;
						TestTargetID = 2D6420CD213DEA3C0006BD7B;
					};
					2D6420EF213DEA3D0006BD7B = {
						CreatedOnToolsVersion = 10.0;
						TestTargetID = 2D6420CD213DEA3C0006BD7B;
					};
				};
			};
			buildConfigurationList = 2D6420C9213DEA3C0006BD7B /* Build configuration list for PBXProject "refactorDojo" */;
			compatibilityVersion = "Xcode 9.3";
			developmentRegion = en;
			hasScannedForEncodings = 0;
			knownRegions = (
				en,
				Base,
			);
			mainGroup = 2D6420C5213DEA3C0006BD7B;
			productRefGroup = 2D6420CF213DEA3C0006BD7B /* Products */;
			projectDirPath = "";
			projectRoot = "";
			targets = (
				2D6420CD213DEA3C0006BD7B /* refactorDojo */,
				2D6420E4213DEA3D0006BD7B /* refactorDojoTests */,
				2D6420EF213DEA3D0006BD7B /* refactorDojoUITests */,
			);
		};
/* End PBXProject section */

/* Begin PBXResourcesBuildPhase section */
		2D6420CC213DEA3C0006BD7B /* Resources */ = {
			isa = PBXResourcesBuildPhase;
			buildActionMask = 2147483647;
			files = (
				2D6420DF213DEA3D0006BD7B /* LaunchScreen.storyboard in Resources */,
				2D6420DC213DEA3D0006BD7B /* Assets.xcassets in Resources */,
				2D6420D7213DEA3C0006BD7B /* Main.storyboard in Resources */,
			);
			runOnlyForDeploymentPostprocessing = 0;
		};
		2D6420E3213DEA3D0006BD7B /* Resources */ = {
			isa = PBXResourcesBuildPhase;
			buildActionMask = 2147483647;
			files = (
			);
			runOnlyForDeploymentPostprocessing = 0;
		};
		2D6420EE213DEA3D0006BD7B /* Resources */ = {
			isa = PBXResourcesBuildPhase;
			buildActionMask = 2147483647;
			files = (
			);
			runOnlyForDeploymentPostprocessing = 0;
		};
/* End PBXResourcesBuildPhase section */

/* Begin PBXSourcesBuildPhase section */
		2D6420CA213DEA3C0006BD7B /* Sources */ = {
			isa = PBXSourcesBuildPhase;
			buildActionMask = 2147483647;
			files = (
				690CB7C0213F36820058CC38 /* AccountSignupVC.swift in Sources */,
				2D6420D4213DEA3C0006BD7B /* ViewController.swift in Sources */,
				2D6420D2213DEA3C0006BD7B /* AppDelegate.swift in Sources */,
				2D6420DA213DEA3C0006BD7B /* refactorDojo.xcdatamodeld in Sources */,
			);
			runOnlyForDeploymentPostprocessing = 0;
		};
		2D6420E1213DEA3D0006BD7B /* Sources */ = {
			isa = PBXSourcesBuildPhase;
			buildActionMask = 2147483647;
			files = (
				2D6420EA213DEA3D0006BD7B /* refactorDojoTests.swift in Sources */,
			);
			runOnlyForDeploymentPostprocessing = 0;
		};
		2D6420EC213DEA3D0006BD7B /* Sources */ = {
			isa = PBXSourcesBuildPhase;
			buildActionMask = 2147483647;
			files = (
				2D6420F5213DEA3D0006BD7B /* refactorDojoUITests.swift in Sources */,
			);
			runOnlyForDeploymentPostprocessing = 0;
		};
/* End PBXSourcesBuildPhase section */

/* Begin PBXTargetDependency section */
		2D6420E7213DEA3D0006BD7B /* PBXTargetDependency */ = {
			isa = PBXTargetDependency;
			target = 2D6420CD213DEA3C0006BD7B /* refactorDojo */;
			targetProxy = 2D6420E6213DEA3D0006BD7B /* PBXContainerItemProxy */;
		};
		2D6420F2213DEA3D0006BD7B /* PBXTargetDependency */ = {
			isa = PBXTargetDependency;
			target = 2D6420CD213DEA3C0006BD7B /* refactorDojo */;
			targetProxy = 2D6420F1213DEA3D0006BD7B /* PBXContainerItemProxy */;
		};
/* End PBXTargetDependency section */

/* Begin PBXVariantGroup section */
		2D6420D5213DEA3C0006BD7B /* Main.storyboard */ = {
			isa = PBXVariantGroup;
			children = (
				2D6420D6213DEA3C0006BD7B /* Base */,
			);
			name = Main.storyboard;
			sourceTree = "<group>";
		};
		2D6420DD213DEA3D0006BD7B /* LaunchScreen.storyboard */ = {
			isa = PBXVariantGroup;
			children = (
				2D6420DE213DEA3D0006BD7B /* Base */,
			);
			name = LaunchScreen.storyboard;
			sourceTree = "<group>";
		};
/* End PBXVariantGroup section */

/* Begin XCBuildConfiguration section */
		2D6420F7213DEA3D0006BD7B /* Debug */ = {
			isa = XCBuildConfiguration;
			buildSettings = {
				ALWAYS_SEARCH_USER_PATHS = NO;
				CLANG_ANALYZER_NONNULL = YES;
				CLANG_ANALYZER_NUMBER_OBJECT_CONVERSION = YES_AGGRESSIVE;
				CLANG_CXX_LANGUAGE_STANDARD = "gnu++14";
				CLANG_CXX_LIBRARY = "libc++";
				CLANG_ENABLE_MODULES = YES;
				CLANG_ENABLE_OBJC_ARC = YES;
				CLANG_ENABLE_OBJC_WEAK = YES;
				CLANG_WARN_BLOCK_CAPTURE_AUTORELEASING = YES;
				CLANG_WARN_BOOL_CONVERSION = YES;
				CLANG_WARN_COMMA = YES;
				CLANG_WARN_CONSTANT_CONVERSION = YES;
				CLANG_WARN_DEPRECATED_OBJC_IMPLEMENTATIONS = YES;
				CLANG_WARN_DIRECT_OBJC_ISA_USAGE = YES_ERROR;
				CLANG_WARN_DOCUMENTATION_COMMENTS = YES;
				CLANG_WARN_EMPTY_BODY = YES;
				CLANG_WARN_ENUM_CONVERSION = YES;
				CLANG_WARN_INFINITE_RECURSION = YES;
				CLANG_WARN_INT_CONVERSION = YES;
				CLANG_WARN_NON_LITERAL_NULL_CONVERSION = YES;
				CLANG_WARN_OBJC_IMPLICIT_RETAIN_SELF = YES;
				CLANG_WARN_OBJC_LITERAL_CONVERSION = YES;
				CLANG_WARN_OBJC_ROOT_CLASS = YES_ERROR;
				CLANG_WARN_RANGE_LOOP_ANALYSIS = YES;
				CLANG_WARN_STRICT_PROTOTYPES = YES;
				CLANG_WARN_SUSPICIOUS_MOVE = YES;
				CLANG_WARN_UNGUARDED_AVAILABILITY = YES_AGGRESSIVE;
				CLANG_WARN_UNREACHABLE_CODE = YES;
				CLANG_WARN__DUPLICATE_METHOD_MATCH = YES;
				CODE_SIGN_IDENTITY = "iPhone Developer";
				COPY_PHASE_STRIP = NO;
				DEBUG_INFORMATION_FORMAT = dwarf;
				ENABLE_STRICT_OBJC_MSGSEND = YES;
				ENABLE_TESTABILITY = YES;
				GCC_C_LANGUAGE_STANDARD = gnu11;
				GCC_DYNAMIC_NO_PIC = NO;
				GCC_NO_COMMON_BLOCKS = YES;
				GCC_OPTIMIZATION_LEVEL = 0;
				GCC_PREPROCESSOR_DEFINITIONS = (
					"DEBUG=1",
					"$(inherited)",
				);
				GCC_WARN_64_TO_32_BIT_CONVERSION = YES;
				GCC_WARN_ABOUT_RETURN_TYPE = YES_ERROR;
				GCC_WARN_UNDECLARED_SELECTOR = YES;
				GCC_WARN_UNINITIALIZED_AUTOS = YES_AGGRESSIVE;
				GCC_WARN_UNUSED_FUNCTION = YES;
				GCC_WARN_UNUSED_VARIABLE = YES;
				IPHONEOS_DEPLOYMENT_TARGET = 12.0;
				MTL_ENABLE_DEBUG_INFO = INCLUDE_SOURCE;
				ONLY_ACTIVE_ARCH = YES;
				SDKROOT = iphoneos;
				SWIFT_ACTIVE_COMPILATION_CONDITIONS = DEBUG;
				SWIFT_OPTIMIZATION_LEVEL = "-Onone";
			};
			name = Debug;
		};
		2D6420F8213DEA3D0006BD7B /* Release */ = {
			isa = XCBuildConfiguration;
			buildSettings = {
				ALWAYS_SEARCH_USER_PATHS = NO;
				CLANG_ANALYZER_NONNULL = YES;
				CLANG_ANALYZER_NUMBER_OBJECT_CONVERSION = YES_AGGRESSIVE;
				CLANG_CXX_LANGUAGE_STANDARD = "gnu++14";
				CLANG_CXX_LIBRARY = "libc++";
				CLANG_ENABLE_MODULES = YES;
				CLANG_ENABLE_OBJC_ARC = YES;
				CLANG_ENABLE_OBJC_WEAK = YES;
				CLANG_WARN_BLOCK_CAPTURE_AUTORELEASING = YES;
				CLANG_WARN_BOOL_CONVERSION = YES;
				CLANG_WARN_COMMA = YES;
				CLANG_WARN_CONSTANT_CONVERSION = YES;
				CLANG_WARN_DEPRECATED_OBJC_IMPLEMENTATIONS = YES;
				CLANG_WARN_DIRECT_OBJC_ISA_USAGE = YES_ERROR;
				CLANG_WARN_DOCUMENTATION_COMMENTS = YES;
				CLANG_WARN_EMPTY_BODY = YES;
				CLANG_WARN_ENUM_CONVERSION = YES;
				CLANG_WARN_INFINITE_RECURSION = YES;
				CLANG_WARN_INT_CONVERSION = YES;
				CLANG_WARN_NON_LITERAL_NULL_CONVERSION = YES;
				CLANG_WARN_OBJC_IMPLICIT_RETAIN_SELF = YES;
				CLANG_WARN_OBJC_LITERAL_CONVERSION = YES;
				CLANG_WARN_OBJC_ROOT_CLASS = YES_ERROR;
				CLANG_WARN_RANGE_LOOP_ANALYSIS = YES;
				CLANG_WARN_STRICT_PROTOTYPES = YES;
				CLANG_WARN_SUSPICIOUS_MOVE = YES;
				CLANG_WARN_UNGUARDED_AVAILABILITY = YES_AGGRESSIVE;
				CLANG_WARN_UNREACHABLE_CODE = YES;
				CLANG_WARN__DUPLICATE_METHOD_MATCH = YES;
				CODE_SIGN_IDENTITY = "iPhone Developer";
				COPY_PHASE_STRIP = NO;
				DEBUG_INFORMATION_FORMAT = "dwarf-with-dsym";
				ENABLE_NS_ASSERTIONS = NO;
				ENABLE_STRICT_OBJC_MSGSEND = YES;
				GCC_C_LANGUAGE_STANDARD = gnu11;
				GCC_NO_COMMON_BLOCKS = YES;
				GCC_WARN_64_TO_32_BIT_CONVERSION = YES;
				GCC_WARN_ABOUT_RETURN_TYPE = YES_ERROR;
				GCC_WARN_UNDECLARED_SELECTOR = YES;
				GCC_WARN_UNINITIALIZED_AUTOS = YES_AGGRESSIVE;
				GCC_WARN_UNUSED_FUNCTION = YES;
				GCC_WARN_UNUSED_VARIABLE = YES;
				IPHONEOS_DEPLOYMENT_TARGET = 12.0;
				MTL_ENABLE_DEBUG_INFO = NO;
				SDKROOT = iphoneos;
				SWIFT_COMPILATION_MODE = wholemodule;
				SWIFT_OPTIMIZATION_LEVEL = "-O";
				VALIDATE_PRODUCT = YES;
			};
			name = Release;
		};
		2D6420FA213DEA3D0006BD7B /* Debug */ = {
			isa = XCBuildConfiguration;
			buildSettings = {
				ASSETCATALOG_COMPILER_APPICON_NAME = AppIcon;
				CODE_SIGN_STYLE = Automatic;
				DEVELOPMENT_TEAM = KWRG283N5S;
				INFOPLIST_FILE = refactorDojo/Info.plist;
				IPHONEOS_DEPLOYMENT_TARGET = 11.4;
				LD_RUNPATH_SEARCH_PATHS = (
					"$(inherited)",
					"@executable_path/Frameworks",
				);
				PRODUCT_BUNDLE_IDENTIFIER = com.megabreezy.refactorDojo;
				PRODUCT_NAME = "$(TARGET_NAME)";
				SWIFT_VERSION = 4.2;
				TARGETED_DEVICE_FAMILY = "1,2";
			};
			name = Debug;
		};
		2D6420FB213DEA3D0006BD7B /* Release */ = {
			isa = XCBuildConfiguration;
			buildSettings = {
				ASSETCATALOG_COMPILER_APPICON_NAME = AppIcon;
				CODE_SIGN_STYLE = Automatic;
				DEVELOPMENT_TEAM = KWRG283N5S;
				INFOPLIST_FILE = refactorDojo/Info.plist;
				IPHONEOS_DEPLOYMENT_TARGET = 11.4;
				LD_RUNPATH_SEARCH_PATHS = (
					"$(inherited)",
					"@executable_path/Frameworks",
				);
				PRODUCT_BUNDLE_IDENTIFIER = com.megabreezy.refactorDojo;
				PRODUCT_NAME = "$(TARGET_NAME)";
				SWIFT_VERSION = 4.2;
				TARGETED_DEVICE_FAMILY = "1,2";
			};
			name = Release;
		};
		2D6420FD213DEA3D0006BD7B /* Debug */ = {
			isa = XCBuildConfiguration;
			buildSettings = {
				ALWAYS_EMBED_SWIFT_STANDARD_LIBRARIES = YES;
				BUNDLE_LOADER = "$(TEST_HOST)";
				CODE_SIGN_STYLE = Automatic;
				INFOPLIST_FILE = refactorDojoTests/Info.plist;
				LD_RUNPATH_SEARCH_PATHS = (
					"$(inherited)",
					"@executable_path/Frameworks",
					"@loader_path/Frameworks",
				);
				PRODUCT_BUNDLE_IDENTIFIER = com.megabreezy.refactorDojoTests;
				PRODUCT_NAME = "$(TARGET_NAME)";
				SWIFT_VERSION = 4.2;
				TARGETED_DEVICE_FAMILY = "1,2";
				TEST_HOST = "$(BUILT_PRODUCTS_DIR)/refactorDojo.app/refactorDojo";
			};
			name = Debug;
		};
		2D6420FE213DEA3D0006BD7B /* Release */ = {
			isa = XCBuildConfiguration;
			buildSettings = {
				ALWAYS_EMBED_SWIFT_STANDARD_LIBRARIES = YES;
				BUNDLE_LOADER = "$(TEST_HOST)";
				CODE_SIGN_STYLE = Automatic;
				INFOPLIST_FILE = refactorDojoTests/Info.plist;
				LD_RUNPATH_SEARCH_PATHS = (
					"$(inherited)",
					"@executable_path/Frameworks",
					"@loader_path/Frameworks",
				);
				PRODUCT_BUNDLE_IDENTIFIER = com.megabreezy.refactorDojoTests;
				PRODUCT_NAME = "$(TARGET_NAME)";
				SWIFT_VERSION = 4.2;
				TARGETED_DEVICE_FAMILY = "1,2";
				TEST_HOST = "$(BUILT_PRODUCTS_DIR)/refactorDojo.app/refactorDojo";
			};
			name = Release;
		};
		2D642100213DEA3D0006BD7B /* Debug */ = {
			isa = XCBuildConfiguration;
			buildSettings = {
				ALWAYS_EMBED_SWIFT_STANDARD_LIBRARIES = YES;
				CODE_SIGN_STYLE = Automatic;
				INFOPLIST_FILE = refactorDojoUITests/Info.plist;
				LD_RUNPATH_SEARCH_PATHS = (
					"$(inherited)",
					"@executable_path/Frameworks",
					"@loader_path/Frameworks",
				);
				PRODUCT_BUNDLE_IDENTIFIER = com.megabreezy.refactorDojoUITests;
				PRODUCT_NAME = "$(TARGET_NAME)";
				SWIFT_VERSION = 4.2;
				TARGETED_DEVICE_FAMILY = "1,2";
				TEST_TARGET_NAME = refactorDojo;
			};
			name = Debug;
		};
		2D642101213DEA3D0006BD7B /* Release */ = {
			isa = XCBuildConfiguration;
			buildSettings = {
				ALWAYS_EMBED_SWIFT_STANDARD_LIBRARIES = YES;
				CODE_SIGN_STYLE = Automatic;
				INFOPLIST_FILE = refactorDojoUITests/Info.plist;
				LD_RUNPATH_SEARCH_PATHS = (
					"$(inherited)",
					"@executable_path/Frameworks",
					"@loader_path/Frameworks",
				);
				PRODUCT_BUNDLE_IDENTIFIER = com.megabreezy.refactorDojoUITests;
				PRODUCT_NAME = "$(TARGET_NAME)";
				SWIFT_VERSION = 4.2;
				TARGETED_DEVICE_FAMILY = "1,2";
				TEST_TARGET_NAME = refactorDojo;
			};
			name = Release;
		};
/* End XCBuildConfiguration section */

/* Begin XCConfigurationList section */
		2D6420C9213DEA3C0006BD7B /* Build configuration list for PBXProject "refactorDojo" */ = {
			isa = XCConfigurationList;
			buildConfigurations = (
				2D6420F7213DEA3D0006BD7B /* Debug */,
				2D6420F8213DEA3D0006BD7B /* Release */,
			);
			defaultConfigurationIsVisible = 0;
			defaultConfigurationName = Release;
		};
		2D6420F9213DEA3D0006BD7B /* Build configuration list for PBXNativeTarget "refactorDojo" */ = {
			isa = XCConfigurationList;
			buildConfigurations = (
				2D6420FA213DEA3D0006BD7B /* Debug */,
				2D6420FB213DEA3D0006BD7B /* Release */,
			);
			defaultConfigurationIsVisible = 0;
			defaultConfigurationName = Release;
		};
		2D6420FC213DEA3D0006BD7B /* Build configuration list for PBXNativeTarget "refactorDojoTests" */ = {
			isa = XCConfigurationList;
			buildConfigurations = (
				2D6420FD213DEA3D0006BD7B /* Debug */,
				2D6420FE213DEA3D0006BD7B /* Release */,
			);
			defaultConfigurationIsVisible = 0;
			defaultConfigurationName = Release;
		};
		2D6420FF213DEA3D0006BD7B /* Build configuration list for PBXNativeTarget "refactorDojoUITests" */ = {
			isa = XCConfigurationList;
			buildConfigurations = (
				2D642100213DEA3D0006BD7B /* Debug */,
				2D642101213DEA3D0006BD7B /* Release */,
			);
			defaultConfigurationIsVisible = 0;
			defaultConfigurationName = Release;
		};
/* End XCConfigurationList section */

/* Begin XCVersionGroup section */
		2D6420D8213DEA3C0006BD7B /* refactorDojo.xcdatamodeld */ = {
			isa = XCVersionGroup;
			children = (
				2D6420D9213DEA3C0006BD7B /* refactorDojo.xcdatamodel */,
			);
			currentVersion = 2D6420D9213DEA3C0006BD7B /* refactorDojo.xcdatamodel */;
			path = refactorDojo.xcdatamodeld;
			sourceTree = "<group>";
			versionGroupType = wrapper.xcdatamodel;
		};
/* End XCVersionGroup section */
	};
	rootObject = 2D6420C6213DEA3C0006BD7B /* Project object */;
}
